
Microsoft Visual Studio Solution File, Format Version 12.00
# Visual Studio 15
VisualStudioVersion = 15.0.27428.2002
MinimumVisualStudioVersion = 10.0.40219.1
Project("{FAE04EC0-301F-11D3-BF4B-00C04F79EFBC}") = "commercetools.NET.Examples", "commercetools.NET.Examples\commercetools.NET.Examples.csproj", "{A9DAB157-AE14-4B37-B9DB-BED230C45400}"
EndProject
Project("{9A19103F-16F7-4668-BE54-9A1E7A4F7556}") = "commercetools.NET", "commercetools.NET\commercetools.NET.csproj", "{32E63A99-4A17-40A4-83B9-7AFBF7B0C4D8}"
EndProject
Project("{FAE04EC0-301F-11D3-BF4B-00C04F79EFBC}") = "commercetools.NET.Tests", "commercetools.NET.Tests\commercetools.NET.Tests.csproj", "{6505D1C5-4DDC-4588-AA95-2194DB6BA0D6}"
EndProject
Global
	GlobalSection(SolutionConfigurationPlatforms) = preSolution
		Debug|Any CPU = Debug|Any CPU
		Release|Any CPU = Release|Any CPU
	EndGlobalSection
	GlobalSection(ProjectConfigurationPlatforms) = postSolution
		{A9DAB157-AE14-4B37-B9DB-BED230C45400}.Debug|Any CPU.ActiveCfg = Debug|Any CPU
		{A9DAB157-AE14-4B37-B9DB-BED230C45400}.Debug|Any CPU.Build.0 = Debug|Any CPU
		{A9DAB157-AE14-4B37-B9DB-BED230C45400}.Release|Any CPU.ActiveCfg = Release|Any CPU
		{A9DAB157-AE14-4B37-B9DB-BED230C45400}.Release|Any CPU.Build.0 = Release|Any CPU
		{32E63A99-4A17-40A4-83B9-7AFBF7B0C4D8}.Debug|Any CPU.ActiveCfg = Debug|Any CPU
		{32E63A99-4A17-40A4-83B9-7AFBF7B0C4D8}.Debug|Any CPU.Build.0 = Debug|Any CPU
		{32E63A99-4A17-40A4-83B9-7AFBF7B0C4D8}.Release|Any CPU.ActiveCfg = Release|Any CPU
		{32E63A99-4A17-40A4-83B9-7AFBF7B0C4D8}.Release|Any CPU.Build.0 = Release|Any CPU
		{6505D1C5-4DDC-4588-AA95-2194DB6BA0D6}.Debug|Any CPU.ActiveCfg = Debug|Any CPU
		{6505D1C5-4DDC-4588-AA95-2194DB6BA0D6}.Debug|Any CPU.Build.0 = Debug|Any CPU
		{6505D1C5-4DDC-4588-AA95-2194DB6BA0D6}.Release|Any CPU.ActiveCfg = Release|Any CPU
		{6505D1C5-4DDC-4588-AA95-2194DB6BA0D6}.Release|Any CPU.Build.0 = Release|Any CPU
	EndGlobalSection
	GlobalSection(SolutionProperties) = preSolution
		HideSolutionNode = FALSE
	EndGlobalSection
	GlobalSection(ExtensibilityGlobals) = postSolution
		SolutionGuid = {F9B5ED18-4C36-4F7B-BE1E-AE8D220EBCB8}
	EndGlobalSection
EndGlobal
