
Microsoft Visual Studio Solution File, Format Version 12.00
# Visual Studio 2013
VisualStudioVersion = 12.0.40629.0
MinimumVisualStudioVersion = 10.0.40219.1
Project("{FAE04EC0-301F-11D3-BF4B-00C04F79EFBC}") = "commercetools.Core", "commercetools.Core\commercetools.Core.csproj", "{C5C84D2E-76CC-4751-AD3C-880865AE8A53}"
EndProject
Project("{FAE04EC0-301F-11D3-BF4B-00C04F79EFBC}") = "commercetools.Tests", "commercetools.Tests\commercetools.Tests.csproj", "{A586CC4B-F497-42D9-85C8-AFD1344FD42A}"
EndProject
Global
	GlobalSection(SolutionConfigurationPlatforms) = preSolution
		Debug|Any CPU = Debug|Any CPU
		Release|Any CPU = Release|Any CPU
	EndGlobalSection
	GlobalSection(ProjectConfigurationPlatforms) = postSolution
		{C5C84D2E-76CC-4751-AD3C-880865AE8A53}.Debug|Any CPU.ActiveCfg = Debug|Any CPU
		{C5C84D2E-76CC-4751-AD3C-880865AE8A53}.Debug|Any CPU.Build.0 = Debug|Any CPU
		{C5C84D2E-76CC-4751-AD3C-880865AE8A53}.Release|Any CPU.ActiveCfg = Release|Any CPU
		{C5C84D2E-76CC-4751-AD3C-880865AE8A53}.Release|Any CPU.Build.0 = Release|Any CPU
		{04892D6E-F5BD-4EFD-AF7D-609E8415EFF2}.Debug|Any CPU.ActiveCfg = Debug|Any CPU
		{04892D6E-F5BD-4EFD-AF7D-609E8415EFF2}.Debug|Any CPU.Build.0 = Debug|Any CPU
		{04892D6E-F5BD-4EFD-AF7D-609E8415EFF2}.Release|Any CPU.ActiveCfg = Debug|Any CPU
		{04892D6E-F5BD-4EFD-AF7D-609E8415EFF2}.Release|Any CPU.Build.0 = Debug|Any CPU
		{A586CC4B-F497-42D9-85C8-AFD1344FD42A}.Debug|Any CPU.ActiveCfg = Debug|Any CPU
		{A586CC4B-F497-42D9-85C8-AFD1344FD42A}.Debug|Any CPU.Build.0 = Debug|Any CPU
		{A586CC4B-F497-42D9-85C8-AFD1344FD42A}.Release|Any CPU.ActiveCfg = Release|Any CPU
		{A586CC4B-F497-42D9-85C8-AFD1344FD42A}.Release|Any CPU.Build.0 = Release|Any CPU
		{D6850CFD-FD5D-40B6-B15C-AB8AE59AE7CA}.Debug|Any CPU.ActiveCfg = Debug|Any CPU
		{D6850CFD-FD5D-40B6-B15C-AB8AE59AE7CA}.Debug|Any CPU.Build.0 = Debug|Any CPU
		{D6850CFD-FD5D-40B6-B15C-AB8AE59AE7CA}.Release|Any CPU.ActiveCfg = Release|Any CPU
		{D6850CFD-FD5D-40B6-B15C-AB8AE59AE7CA}.Release|Any CPU.Build.0 = Release|Any CPU
	EndGlobalSection
	GlobalSection(SolutionProperties) = preSolution
		HideSolutionNode = FALSE
	EndGlobalSection
EndGlobal
