
Microsoft Visual Studio Solution File, Format Version 12.00
# Visual Studio 15
VisualStudioVersion = 15.0.28010.2003
MinimumVisualStudioVersion = 10.0.40219.1
Project("{9A19103F-16F7-4668-BE54-9A1E7A4F7556}") = "commercetools.Sdk.Domain", "commercetools.Sdk.Domain\commercetools.Sdk.Domain.csproj", "{1FD56D94-38DC-419B-99C4-9E321D062827}"
EndProject
Project("{9A19103F-16F7-4668-BE54-9A1E7A4F7556}") = "commercetools.Sdk.HttpApi", "commercetools.Sdk.HttpApi\commercetools.Sdk.HttpApi.csproj", "{9B343966-3BA2-4377-8D17-A35D1D630976}"
EndProject
Project("{9A19103F-16F7-4668-BE54-9A1E7A4F7556}") = "commercetools.Sdk.Client", "commercetools.Sdk.Client\commercetools.Sdk.Client.csproj", "{9B105327-3D7D-4857-9811-50F355A4DC2C}"
EndProject
Project("{9A19103F-16F7-4668-BE54-9A1E7A4F7556}") = "commercetools.Sdk.ClientCredentialsExample", "commercetools.Sdk.HttpApi.MvcExample\commercetools.Sdk.ClientCredentialsExample.csproj", "{89518E0D-DF0C-452A-B638-583BF3CB50B0}"
EndProject
Project("{9A19103F-16F7-4668-BE54-9A1E7A4F7556}") = "commercetools.Sdk.Serialization", "commercetools.Sdk.Serialization\commercetools.Sdk.Serialization.csproj", "{04694BAE-534B-44EB-89D4-C8E90B5FD59B}"
EndProject
Project("{9A19103F-16F7-4668-BE54-9A1E7A4F7556}") = "commercetools.Sdk.HttpApi.Domain", "commercetools.Sdk.HttpApi.Domain\commercetools.Sdk.HttpApi.Domain.csproj", "{5B22680B-EAFD-4B26-8025-AF8ADDA9E392}"
EndProject
Project("{9A19103F-16F7-4668-BE54-9A1E7A4F7556}") = "commercetools.Sdk.Linq", "commercetools.Sdk.Linq\commercetools.Sdk.Linq.csproj", "{AAD76EBF-6567-4D18-BF75-05B2B31A01E4}"
EndProject
Project("{9A19103F-16F7-4668-BE54-9A1E7A4F7556}") = "commercetools.Sdk.Registration", "commercetools.Sdk.Reflection\commercetools.Sdk.Registration.csproj", "{B3802BFF-E732-409A-AB63-AC58D3846BB0}"
EndProject
Project("{2150E333-8FDC-42A3-9474-1A3956D46DE8}") = "Tests", "Tests", "{91B408BB-8BAA-4856-8FE6-F014F1098AC5}"
EndProject
Project("{9A19103F-16F7-4668-BE54-9A1E7A4F7556}") = "commercetools.Sdk.HttpApi.Tests", "Tests\commercetools.Sdk.HttpApi.Tests\commercetools.Sdk.HttpApi.Tests.csproj", "{EA48CFDE-6FFC-4B1F-8A4E-7A81241CAB2A}"
EndProject
Project("{9A19103F-16F7-4668-BE54-9A1E7A4F7556}") = "commercetools.Sdk.Linq.Tests", "Tests\commercetools.Sdk.Linq.Tests\commercetools.Sdk.Linq.Tests.csproj", "{E72FAFE2-5E7E-4AD4-B3ED-D53F1C2640C5}"
EndProject
Project("{2150E333-8FDC-42A3-9474-1A3956D46DE8}") = "StyleCop", "StyleCop", "{F8C1B8D7-42D5-456E-80C5-741441B1ECD9}"
	ProjectSection(SolutionItems) = preProject
		StyleCop\stylecop.ruleset = StyleCop\stylecop.ruleset
	EndProjectSection
EndProject
Project("{9A19103F-16F7-4668-BE54-9A1E7A4F7556}") = "commercetools.Sdk.Domain.Tests", "Tests\commercetools.Sdk.Domain.Tests\commercetools.Sdk.Domain.Tests.csproj", "{5F639083-E3CB-435B-9E8F-52A9BF197DEB}"
EndProject
Project("{9A19103F-16F7-4668-BE54-9A1E7A4F7556}") = "commercetools.Sdk.DependencyInjection", "commercetools.Sdk.DependencyInjection\commercetools.Sdk.DependencyInjection.csproj", "{D7492547-921F-49E4-8689-C964CBC0D38E}"
EndProject
Project("{9A19103F-16F7-4668-BE54-9A1E7A4F7556}") = "commercetools.Sdk.HttpApi.IntegrationTests", "commercetools.Sdk.HttpApi.IntegrationTests\commercetools.Sdk.HttpApi.IntegrationTests.csproj", "{7AF83476-193A-4FA5-9ED9-7AFE24361C30}"
EndProject
Project("{2150E333-8FDC-42A3-9474-1A3956D46DE8}") = "Examples", "Examples", "{246B3DBC-CE94-4B32-AEFB-8C42A0D8F502}"
EndProject
Project("{9A19103F-16F7-4668-BE54-9A1E7A4F7556}") = "commercetools.Sdk.PasswordExample", "commercetools.Sdk.PasswordExample\commercetools.Sdk.PasswordExample.csproj", "{1AE43971-8EA5-4A41-8352-EC5B53C8AD3F}"
EndProject
Project("{9A19103F-16F7-4668-BE54-9A1E7A4F7556}") = "commercetools.Sdk.AnonymousSessionExample", "commercetools.Sdk.AnonymousSessionExample\commercetools.Sdk.AnonymousSessionExample.csproj", "{D1F9B222-7CE0-461F-9BA6-B177D9203B4E}"
EndProject
Project("{9A19103F-16F7-4668-BE54-9A1E7A4F7556}") = "commercetools.Sdk.FlowChangeExample", "commercetools.Sdk.FlowChangeExample\commercetools.Sdk.FlowChangeExample.csproj", "{A50C27D8-0126-4D02-A34C-18A1FD529912}"
EndProject
Project("{9A19103F-16F7-4668-BE54-9A1E7A4F7556}") = "commercetools.Sdk.MultipleClients", "commercetools.Sdk.MultipleClients\commercetools.Sdk.MultipleClients.csproj", "{1ED86710-A7A6-4E63-AAC6-A98A1EEB46D2}"
EndProject
Project("{9A19103F-16F7-4668-BE54-9A1E7A4F7556}") = "commercetools.Sdk.All", "commercetools.Sdk.All\commercetools.Sdk.All.csproj", "{264AEBC5-2534-4D04-BE64-2069B7343CCE}"
EndProject
Project("{9A19103F-16F7-4668-BE54-9A1E7A4F7556}") = "commercetools.Sdk.DependencyInjection.SimpleInjector", "commercetools.Sdk.DependencyInjection.SimpleInjector\commercetools.Sdk.DependencyInjection.SimpleInjector.csproj", "{4D98D5C7-E962-4D78-AEC5-FCB2099EA7F7}"
EndProject
Global
	GlobalSection(SolutionConfigurationPlatforms) = preSolution
		Debug|Any CPU = Debug|Any CPU
		Release|Any CPU = Release|Any CPU
	EndGlobalSection
	GlobalSection(ProjectConfigurationPlatforms) = postSolution
		{1FD56D94-38DC-419B-99C4-9E321D062827}.Debug|Any CPU.ActiveCfg = Debug|Any CPU
		{1FD56D94-38DC-419B-99C4-9E321D062827}.Debug|Any CPU.Build.0 = Debug|Any CPU
		{1FD56D94-38DC-419B-99C4-9E321D062827}.Release|Any CPU.ActiveCfg = Release|Any CPU
		{1FD56D94-38DC-419B-99C4-9E321D062827}.Release|Any CPU.Build.0 = Release|Any CPU
		{9B343966-3BA2-4377-8D17-A35D1D630976}.Debug|Any CPU.ActiveCfg = Debug|Any CPU
		{9B343966-3BA2-4377-8D17-A35D1D630976}.Debug|Any CPU.Build.0 = Debug|Any CPU
		{9B343966-3BA2-4377-8D17-A35D1D630976}.Release|Any CPU.ActiveCfg = Release|Any CPU
		{9B343966-3BA2-4377-8D17-A35D1D630976}.Release|Any CPU.Build.0 = Release|Any CPU
		{9B105327-3D7D-4857-9811-50F355A4DC2C}.Debug|Any CPU.ActiveCfg = Debug|Any CPU
		{9B105327-3D7D-4857-9811-50F355A4DC2C}.Debug|Any CPU.Build.0 = Debug|Any CPU
		{9B105327-3D7D-4857-9811-50F355A4DC2C}.Release|Any CPU.ActiveCfg = Release|Any CPU
		{9B105327-3D7D-4857-9811-50F355A4DC2C}.Release|Any CPU.Build.0 = Release|Any CPU
		{89518E0D-DF0C-452A-B638-583BF3CB50B0}.Debug|Any CPU.ActiveCfg = Debug|Any CPU
		{89518E0D-DF0C-452A-B638-583BF3CB50B0}.Debug|Any CPU.Build.0 = Debug|Any CPU
		{89518E0D-DF0C-452A-B638-583BF3CB50B0}.Release|Any CPU.ActiveCfg = Release|Any CPU
		{89518E0D-DF0C-452A-B638-583BF3CB50B0}.Release|Any CPU.Build.0 = Release|Any CPU
		{04694BAE-534B-44EB-89D4-C8E90B5FD59B}.Debug|Any CPU.ActiveCfg = Debug|Any CPU
		{04694BAE-534B-44EB-89D4-C8E90B5FD59B}.Debug|Any CPU.Build.0 = Debug|Any CPU
		{04694BAE-534B-44EB-89D4-C8E90B5FD59B}.Release|Any CPU.ActiveCfg = Release|Any CPU
		{04694BAE-534B-44EB-89D4-C8E90B5FD59B}.Release|Any CPU.Build.0 = Release|Any CPU
		{5B22680B-EAFD-4B26-8025-AF8ADDA9E392}.Debug|Any CPU.ActiveCfg = Debug|Any CPU
		{5B22680B-EAFD-4B26-8025-AF8ADDA9E392}.Debug|Any CPU.Build.0 = Debug|Any CPU
		{5B22680B-EAFD-4B26-8025-AF8ADDA9E392}.Release|Any CPU.ActiveCfg = Release|Any CPU
		{5B22680B-EAFD-4B26-8025-AF8ADDA9E392}.Release|Any CPU.Build.0 = Release|Any CPU
		{AAD76EBF-6567-4D18-BF75-05B2B31A01E4}.Debug|Any CPU.ActiveCfg = Debug|Any CPU
		{AAD76EBF-6567-4D18-BF75-05B2B31A01E4}.Debug|Any CPU.Build.0 = Debug|Any CPU
		{AAD76EBF-6567-4D18-BF75-05B2B31A01E4}.Release|Any CPU.ActiveCfg = Release|Any CPU
		{AAD76EBF-6567-4D18-BF75-05B2B31A01E4}.Release|Any CPU.Build.0 = Release|Any CPU
		{B3802BFF-E732-409A-AB63-AC58D3846BB0}.Debug|Any CPU.ActiveCfg = Debug|Any CPU
		{B3802BFF-E732-409A-AB63-AC58D3846BB0}.Debug|Any CPU.Build.0 = Debug|Any CPU
		{B3802BFF-E732-409A-AB63-AC58D3846BB0}.Release|Any CPU.ActiveCfg = Release|Any CPU
		{B3802BFF-E732-409A-AB63-AC58D3846BB0}.Release|Any CPU.Build.0 = Release|Any CPU
		{EA48CFDE-6FFC-4B1F-8A4E-7A81241CAB2A}.Debug|Any CPU.ActiveCfg = Debug|Any CPU
		{EA48CFDE-6FFC-4B1F-8A4E-7A81241CAB2A}.Debug|Any CPU.Build.0 = Debug|Any CPU
		{EA48CFDE-6FFC-4B1F-8A4E-7A81241CAB2A}.Release|Any CPU.ActiveCfg = Release|Any CPU
		{EA48CFDE-6FFC-4B1F-8A4E-7A81241CAB2A}.Release|Any CPU.Build.0 = Release|Any CPU
		{E72FAFE2-5E7E-4AD4-B3ED-D53F1C2640C5}.Debug|Any CPU.ActiveCfg = Debug|Any CPU
		{E72FAFE2-5E7E-4AD4-B3ED-D53F1C2640C5}.Debug|Any CPU.Build.0 = Debug|Any CPU
		{E72FAFE2-5E7E-4AD4-B3ED-D53F1C2640C5}.Release|Any CPU.ActiveCfg = Release|Any CPU
		{E72FAFE2-5E7E-4AD4-B3ED-D53F1C2640C5}.Release|Any CPU.Build.0 = Release|Any CPU
		{5F639083-E3CB-435B-9E8F-52A9BF197DEB}.Debug|Any CPU.ActiveCfg = Debug|Any CPU
		{5F639083-E3CB-435B-9E8F-52A9BF197DEB}.Debug|Any CPU.Build.0 = Debug|Any CPU
		{5F639083-E3CB-435B-9E8F-52A9BF197DEB}.Release|Any CPU.ActiveCfg = Release|Any CPU
		{5F639083-E3CB-435B-9E8F-52A9BF197DEB}.Release|Any CPU.Build.0 = Release|Any CPU
		{D7492547-921F-49E4-8689-C964CBC0D38E}.Debug|Any CPU.ActiveCfg = Debug|Any CPU
		{D7492547-921F-49E4-8689-C964CBC0D38E}.Debug|Any CPU.Build.0 = Debug|Any CPU
		{D7492547-921F-49E4-8689-C964CBC0D38E}.Release|Any CPU.ActiveCfg = Release|Any CPU
		{D7492547-921F-49E4-8689-C964CBC0D38E}.Release|Any CPU.Build.0 = Release|Any CPU
		{7AF83476-193A-4FA5-9ED9-7AFE24361C30}.Debug|Any CPU.ActiveCfg = Debug|Any CPU
		{7AF83476-193A-4FA5-9ED9-7AFE24361C30}.Debug|Any CPU.Build.0 = Debug|Any CPU
		{7AF83476-193A-4FA5-9ED9-7AFE24361C30}.Release|Any CPU.ActiveCfg = Release|Any CPU
		{7AF83476-193A-4FA5-9ED9-7AFE24361C30}.Release|Any CPU.Build.0 = Release|Any CPU
		{1AE43971-8EA5-4A41-8352-EC5B53C8AD3F}.Debug|Any CPU.ActiveCfg = Debug|Any CPU
		{1AE43971-8EA5-4A41-8352-EC5B53C8AD3F}.Debug|Any CPU.Build.0 = Debug|Any CPU
		{1AE43971-8EA5-4A41-8352-EC5B53C8AD3F}.Release|Any CPU.ActiveCfg = Release|Any CPU
		{1AE43971-8EA5-4A41-8352-EC5B53C8AD3F}.Release|Any CPU.Build.0 = Release|Any CPU
		{D1F9B222-7CE0-461F-9BA6-B177D9203B4E}.Debug|Any CPU.ActiveCfg = Debug|Any CPU
		{D1F9B222-7CE0-461F-9BA6-B177D9203B4E}.Debug|Any CPU.Build.0 = Debug|Any CPU
		{D1F9B222-7CE0-461F-9BA6-B177D9203B4E}.Release|Any CPU.ActiveCfg = Release|Any CPU
		{D1F9B222-7CE0-461F-9BA6-B177D9203B4E}.Release|Any CPU.Build.0 = Release|Any CPU
		{A50C27D8-0126-4D02-A34C-18A1FD529912}.Debug|Any CPU.ActiveCfg = Debug|Any CPU
		{A50C27D8-0126-4D02-A34C-18A1FD529912}.Debug|Any CPU.Build.0 = Debug|Any CPU
		{A50C27D8-0126-4D02-A34C-18A1FD529912}.Release|Any CPU.ActiveCfg = Release|Any CPU
		{A50C27D8-0126-4D02-A34C-18A1FD529912}.Release|Any CPU.Build.0 = Release|Any CPU
		{1ED86710-A7A6-4E63-AAC6-A98A1EEB46D2}.Debug|Any CPU.ActiveCfg = Debug|Any CPU
		{1ED86710-A7A6-4E63-AAC6-A98A1EEB46D2}.Debug|Any CPU.Build.0 = Debug|Any CPU
		{1ED86710-A7A6-4E63-AAC6-A98A1EEB46D2}.Release|Any CPU.ActiveCfg = Release|Any CPU
		{1ED86710-A7A6-4E63-AAC6-A98A1EEB46D2}.Release|Any CPU.Build.0 = Release|Any CPU
		{264AEBC5-2534-4D04-BE64-2069B7343CCE}.Debug|Any CPU.ActiveCfg = Debug|Any CPU
		{264AEBC5-2534-4D04-BE64-2069B7343CCE}.Debug|Any CPU.Build.0 = Debug|Any CPU
		{264AEBC5-2534-4D04-BE64-2069B7343CCE}.Release|Any CPU.ActiveCfg = Release|Any CPU
		{264AEBC5-2534-4D04-BE64-2069B7343CCE}.Release|Any CPU.Build.0 = Release|Any CPU
		{4D98D5C7-E962-4D78-AEC5-FCB2099EA7F7}.Debug|Any CPU.ActiveCfg = Debug|Any CPU
		{4D98D5C7-E962-4D78-AEC5-FCB2099EA7F7}.Debug|Any CPU.Build.0 = Debug|Any CPU
		{4D98D5C7-E962-4D78-AEC5-FCB2099EA7F7}.Release|Any CPU.ActiveCfg = Release|Any CPU
		{4D98D5C7-E962-4D78-AEC5-FCB2099EA7F7}.Release|Any CPU.Build.0 = Release|Any CPU
	EndGlobalSection
	GlobalSection(SolutionProperties) = preSolution
		HideSolutionNode = FALSE
	EndGlobalSection
	GlobalSection(NestedProjects) = preSolution
		{89518E0D-DF0C-452A-B638-583BF3CB50B0} = {246B3DBC-CE94-4B32-AEFB-8C42A0D8F502}
		{EA48CFDE-6FFC-4B1F-8A4E-7A81241CAB2A} = {91B408BB-8BAA-4856-8FE6-F014F1098AC5}
		{E72FAFE2-5E7E-4AD4-B3ED-D53F1C2640C5} = {91B408BB-8BAA-4856-8FE6-F014F1098AC5}
		{5F639083-E3CB-435B-9E8F-52A9BF197DEB} = {91B408BB-8BAA-4856-8FE6-F014F1098AC5}
		{7AF83476-193A-4FA5-9ED9-7AFE24361C30} = {91B408BB-8BAA-4856-8FE6-F014F1098AC5}
		{1AE43971-8EA5-4A41-8352-EC5B53C8AD3F} = {246B3DBC-CE94-4B32-AEFB-8C42A0D8F502}
		{D1F9B222-7CE0-461F-9BA6-B177D9203B4E} = {246B3DBC-CE94-4B32-AEFB-8C42A0D8F502}
		{A50C27D8-0126-4D02-A34C-18A1FD529912} = {246B3DBC-CE94-4B32-AEFB-8C42A0D8F502}
		{1ED86710-A7A6-4E63-AAC6-A98A1EEB46D2} = {246B3DBC-CE94-4B32-AEFB-8C42A0D8F502}
	EndGlobalSection
	GlobalSection(ExtensibilityGlobals) = postSolution
		SolutionGuid = {38B2497B-A494-43A7-A44D-88131CE16D12}
	EndGlobalSection
EndGlobal
